
Microsoft Visual Studio Solution File, Format Version 12.00
Project("{FAE04EC0-301F-11D3-BF4B-00C04F79EFBC}") = "ABDOTClient", "ABDOTClient\ABDOTClient.csproj", "{F72D6F84-A428-4512-A10A-FD4411495E86}"
EndProject
Project("{FAE04EC0-301F-11D3-BF4B-00C04F79EFBC}") = "Server", "Server\Server.csproj", "{D68175EB-5E20-447F-A389-A348D8B3A092}"
EndProject
Global
	GlobalSection(SolutionConfigurationPlatforms) = preSolution
		Debug|Any CPU = Debug|Any CPU
		Release|Any CPU = Release|Any CPU
	EndGlobalSection
	GlobalSection(ProjectConfigurationPlatforms) = postSolution
		{F72D6F84-A428-4512-A10A-FD4411495E86}.Debug|Any CPU.ActiveCfg = Debug|Any CPU
		{F72D6F84-A428-4512-A10A-FD4411495E86}.Debug|Any CPU.Build.0 = Debug|Any CPU
		{F72D6F84-A428-4512-A10A-FD4411495E86}.Release|Any CPU.ActiveCfg = Release|Any CPU
		{F72D6F84-A428-4512-A10A-FD4411495E86}.Release|Any CPU.Build.0 = Release|Any CPU
		{D68175EB-5E20-447F-A389-A348D8B3A092}.Debug|Any CPU.ActiveCfg = Debug|Any CPU
		{D68175EB-5E20-447F-A389-A348D8B3A092}.Debug|Any CPU.Build.0 = Debug|Any CPU
		{D68175EB-5E20-447F-A389-A348D8B3A092}.Release|Any CPU.ActiveCfg = Release|Any CPU
		{D68175EB-5E20-447F-A389-A348D8B3A092}.Release|Any CPU.Build.0 = Release|Any CPU
	EndGlobalSection
EndGlobal
